
Microsoft Visual Studio Solution File, Format Version 12.00
# Visual Studio Version 17
VisualStudioVersion = 17.3.32922.545
MinimumVisualStudioVersion = 10.0.40219.1
Project("{9A19103F-16F7-4668-BE54-9A1E7A4F7556}") = "PetStoreAPICaller", "PetStoreAPICaller\PetStoreAPICaller.csproj", "{3B4F5A82-1DE6-47C2-A230-8558372C90EF}"
EndProject
Project("{FAE04EC0-301F-11D3-BF4B-00C04F79EFBC}") = "PetStoreTest", "PetStore\PetStoreTest.csproj", "{3A484C66-3E7B-4336-B4CB-37A687657942}"
EndProject
Global
	GlobalSection(SolutionConfigurationPlatforms) = preSolution
		Debug|Any CPU = Debug|Any CPU
		Release|Any CPU = Release|Any CPU
	EndGlobalSection
	GlobalSection(ProjectConfigurationPlatforms) = postSolution
		{3B4F5A82-1DE6-47C2-A230-8558372C90EF}.Debug|Any CPU.ActiveCfg = Debug|Any CPU
		{3B4F5A82-1DE6-47C2-A230-8558372C90EF}.Debug|Any CPU.Build.0 = Debug|Any CPU
		{3B4F5A82-1DE6-47C2-A230-8558372C90EF}.Release|Any CPU.ActiveCfg = Release|Any CPU
		{3B4F5A82-1DE6-47C2-A230-8558372C90EF}.Release|Any CPU.Build.0 = Release|Any CPU
		{3A484C66-3E7B-4336-B4CB-37A687657942}.Debug|Any CPU.ActiveCfg = Debug|Any CPU
		{3A484C66-3E7B-4336-B4CB-37A687657942}.Debug|Any CPU.Build.0 = Debug|Any CPU
		{3A484C66-3E7B-4336-B4CB-37A687657942}.Release|Any CPU.ActiveCfg = Release|Any CPU
		{3A484C66-3E7B-4336-B4CB-37A687657942}.Release|Any CPU.Build.0 = Release|Any CPU
	EndGlobalSection
	GlobalSection(SolutionProperties) = preSolution
		HideSolutionNode = FALSE
	EndGlobalSection
	GlobalSection(ExtensibilityGlobals) = postSolution
		SolutionGuid = {370FEA6B-118A-4236-9B42-EC7EE36819C8}
	EndGlobalSection
EndGlobal
